
Microsoft Visual Studio Solution File, Format Version 12.00
# Visual Studio Version 17
VisualStudioVersion = 17.3.32819.101
MinimumVisualStudioVersion = 10.0.40219.1
Project("{FAE04EC0-301F-11D3-BF4B-00C04F79EFBC}") = "BackpropagationForSignLanguage", "BackpropagationForSignLanguage\BackpropagationForSignLanguage.csproj", "{6E75911D-54CE-44D7-B8E3-7D08DA8C8433}"
EndProject
Global
	GlobalSection(SolutionConfigurationPlatforms) = preSolution
		Debug|Any CPU = Debug|Any CPU
		Release|Any CPU = Release|Any CPU
	EndGlobalSection
	GlobalSection(ProjectConfigurationPlatforms) = postSolution
		{6E75911D-54CE-44D7-B8E3-7D08DA8C8433}.Debug|Any CPU.ActiveCfg = Debug|Any CPU
		{6E75911D-54CE-44D7-B8E3-7D08DA8C8433}.Debug|Any CPU.Build.0 = Debug|Any CPU
		{6E75911D-54CE-44D7-B8E3-7D08DA8C8433}.Release|Any CPU.ActiveCfg = Release|Any CPU
		{6E75911D-54CE-44D7-B8E3-7D08DA8C8433}.Release|Any CPU.Build.0 = Release|Any CPU
	EndGlobalSection
	GlobalSection(SolutionProperties) = preSolution
		HideSolutionNode = FALSE
	EndGlobalSection
	GlobalSection(ExtensibilityGlobals) = postSolution
		SolutionGuid = {0B1946B1-089B-46F1-82C4-E44BC0E668F0}
	EndGlobalSection
EndGlobal
